{
  "name": "temp",
  "version": "1.0.0",
  "lockfileVersion": 2,
  "requires": true,
  "packages": {
    "": {
      "name": "temp",
      "version": "1.0.0",
      "license": "ISC",
      "workspaces": [
        "package\\simple-boot-core",
        "package\\simple-boot-front",
        "package\\subpackage",
        "package\\subpackagetta"
      ],
      "dependencies": {
        "simple-boot-core": "^1.0.0",
        "simple-boot-front": "^1.0.0",
        "subpackage": "^1.0.0",
        "subpackagetta": "^1.0.0"
      }
    },
    "node_modules/simple-boot-core": {
      "resolved": "package/simple-boot-core",
      "link": true
    },
    "node_modules/simple-boot-front": {
      "resolved": "package/simple-boot-front",
      "link": true
    },
    "node_modules/subpackage": {
      "resolved": "package/subpackage",
      "link": true
    },
    "node_modules/subpackagetta": {
      "resolved": "package/subpackagetta",
      "link": true
    },
    "package/simple-boot-core": {
      "version": "1.0.29",
      "license": "ISC"
    },
    "package/simple-boot-front": {
      "version": "1.0.0",
      "license": "ISC",
      "dependencies": {
        "simple-boot-core": "^1.0.29",
        "subpackage": "^1.0.0"
      }
    },
    "package/subpackage": {
      "version": "1.0.0",
      "license": "ISC",
      "devDependencies": {}
    },
    "package/subpackagetta": {
      "version": "1.0.0",
      "license": "ISC",
      "devDependencies": {}
    }
  },
  "dependencies": {
    "simple-boot-core": {
      "version": "file:package/simple-boot-core"
    },
    "simple-boot-front": {
      "version": "file:package/simple-boot-front",
      "requires": {
        "simple-boot-core": "^1.0.29",
        "subpackage": "^1.0.0"
      }
    },
    "subpackage": {
      "version": "file:package/subpackage"
    },
    "subpackagetta": {
      "version": "file:package/subpackagetta"
    }
  }
}
